// !$*UTF8*$!
{
	archiveVersion = 1;
	classes = {
	};
	objectVersion = 50;
	objects = {

/* Begin PBXBuildFile section */
		3D24D011216D2BD7005E63B5 /* FirstSceneInteractor.swift in Sources */ = {isa = PBXBuildFile; fileRef = 3D24D00B216D2BD7005E63B5 /* FirstSceneInteractor.swift */; };
		3D24D012216D2BD7005E63B5 /* FirstSceneModels.swift in Sources */ = {isa = PBXBuildFile; fileRef = 3D24D00C216D2BD7005E63B5 /* FirstSceneModels.swift */; };
		3D24D013216D2BD7005E63B5 /* FirstScenePresenter.swift in Sources */ = {isa = PBXBuildFile; fileRef = 3D24D00D216D2BD7005E63B5 /* FirstScenePresenter.swift */; };
		3D24D014216D2BD7005E63B5 /* FirstSceneRouter.swift in Sources */ = {isa = PBXBuildFile; fileRef = 3D24D00E216D2BD7005E63B5 /* FirstSceneRouter.swift */; };
		3D24D015216D2BD7005E63B5 /* FirstSceneViewController.swift in Sources */ = {isa = PBXBuildFile; fileRef = 3D24D00F216D2BD7005E63B5 /* FirstSceneViewController.swift */; };
		3D24D016216D2BD7005E63B5 /* FirstSceneWorker.swift in Sources */ = {isa = PBXBuildFile; fileRef = 3D24D010216D2BD7005E63B5 /* FirstSceneWorker.swift */; };
		3D24D018216D2BF1005E63B5 /* FirstSceneViewController.xib in Resources */ = {isa = PBXBuildFile; fileRef = 3D24D017216D2BF1005E63B5 /* FirstSceneViewController.xib */; };
		3D319AD2216EA4D600179E99 /* StateKeeper.swift in Sources */ = {isa = PBXBuildFile; fileRef = 3D319AD1216EA4D600179E99 /* StateKeeper.swift */; };
		3D3CE4E5216FA06D00E4AEC3 /* FirstSceneInteractorTest.swift in Sources */ = {isa = PBXBuildFile; fileRef = 3D3CE4E4216FA06D00E4AEC3 /* FirstSceneInteractorTest.swift */; };
		3D3CE4E6216FA2F200E4AEC3 /* Stories.json in Resources */ = {isa = PBXBuildFile; fileRef = 3D445700216E37C30003F4B1 /* Stories.json */; };
		3D445701216E37C30003F4B1 /* Stories.json in Resources */ = {isa = PBXBuildFile; fileRef = 3D445700216E37C30003F4B1 /* Stories.json */; };
		3D445703216E3AEA0003F4B1 /* DataModels.swift in Sources */ = {isa = PBXBuildFile; fileRef = 3D445702216E3AEA0003F4B1 /* DataModels.swift */; };
		3D445705216E9C540003F4B1 /* FirstSceneWorkerTest.swift in Sources */ = {isa = PBXBuildFile; fileRef = 3D445704216E9C540003F4B1 /* FirstSceneWorkerTest.swift */; };
		3D7D273C216FD4A5002A333D /* chinesepod_B3045dg.mp3 in Resources */ = {isa = PBXBuildFile; fileRef = 3D7D273B216FD4A5002A333D /* chinesepod_B3045dg.mp3 */; };
		3D7D273E216FD65F002A333D /* chinesepod_B3045.json in Resources */ = {isa = PBXBuildFile; fileRef = 3D7D273D216FD65F002A333D /* chinesepod_B3045.json */; };
		3D7D2746216FD6D9002A333D /* StoryPlaybackPresenter.swift in Sources */ = {isa = PBXBuildFile; fileRef = 3D7D2740216FD6D9002A333D /* StoryPlaybackPresenter.swift */; };
		3D7D2747216FD6D9002A333D /* StoryPlaybackWorker.swift in Sources */ = {isa = PBXBuildFile; fileRef = 3D7D2741216FD6D9002A333D /* StoryPlaybackWorker.swift */; };
		3D7D2748216FD6D9002A333D /* StoryPlaybackRouter.swift in Sources */ = {isa = PBXBuildFile; fileRef = 3D7D2742216FD6D9002A333D /* StoryPlaybackRouter.swift */; };
		3D7D2749216FD6D9002A333D /* StoryPlaybackModels.swift in Sources */ = {isa = PBXBuildFile; fileRef = 3D7D2743216FD6D9002A333D /* StoryPlaybackModels.swift */; };
		3D7D274A216FD6D9002A333D /* StoryPlaybackViewController.swift in Sources */ = {isa = PBXBuildFile; fileRef = 3D7D2744216FD6D9002A333D /* StoryPlaybackViewController.swift */; };
		3D7D274B216FD6D9002A333D /* StoryPlaybackInteractor.swift in Sources */ = {isa = PBXBuildFile; fileRef = 3D7D2745216FD6D9002A333D /* StoryPlaybackInteractor.swift */; };
		3D7D274D216FD729002A333D /* AVFoundation.framework in Frameworks */ = {isa = PBXBuildFile; fileRef = 3D7D274C216FD728002A333D /* AVFoundation.framework */; };
		3D7D274F216FD754002A333D /* MediaPlayer.framework in Frameworks */ = {isa = PBXBuildFile; fileRef = 3D7D274E216FD754002A333D /* MediaPlayer.framework */; };
		3D7D2751216FD767002A333D /* StoryPlaybackViewController.xib in Resources */ = {isa = PBXBuildFile; fileRef = 3D7D2750216FD767002A333D /* StoryPlaybackViewController.xib */; };
		3D7D2758216FE5C7002A333D /* chinesepod_B3045dg_3.mp3 in Resources */ = {isa = PBXBuildFile; fileRef = 3D7D2752216FE5C7002A333D /* chinesepod_B3045dg_3.mp3 */; };
		3D7D2759216FE5C7002A333D /* chinesepod_B3045dg_5.mp3 in Resources */ = {isa = PBXBuildFile; fileRef = 3D7D2753216FE5C7002A333D /* chinesepod_B3045dg_5.mp3 */; };
		3D7D275A216FE5C7002A333D /* chinesepod_B3045dg_6.mp3 in Resources */ = {isa = PBXBuildFile; fileRef = 3D7D2754216FE5C7002A333D /* chinesepod_B3045dg_6.mp3 */; };
		3D7D275B216FE5C7002A333D /* chinesepod_B3045dg_1.mp3 in Resources */ = {isa = PBXBuildFile; fileRef = 3D7D2755216FE5C7002A333D /* chinesepod_B3045dg_1.mp3 */; };
		3D7D275C216FE5C7002A333D /* chinesepod_B3045dg_2.mp3 in Resources */ = {isa = PBXBuildFile; fileRef = 3D7D2756216FE5C7002A333D /* chinesepod_B3045dg_2.mp3 */; };
		3D7D275D216FE5C7002A333D /* chinesepod_B3045dg_4.mp3 in Resources */ = {isa = PBXBuildFile; fileRef = 3D7D2757216FE5C7002A333D /* chinesepod_B3045dg_4.mp3 */; };
		3DA6E57D21693D8600F85A37 /* AppDelegate.swift in Sources */ = {isa = PBXBuildFile; fileRef = 3DA6E57C21693D8600F85A37 /* AppDelegate.swift */; };
		3DA6E57F21693D8600F85A37 /* EntryViewController.swift in Sources */ = {isa = PBXBuildFile; fileRef = 3DA6E57E21693D8600F85A37 /* EntryViewController.swift */; };
		3DA6E58221693D8600F85A37 /* Main.storyboard in Resources */ = {isa = PBXBuildFile; fileRef = 3DA6E58021693D8600F85A37 /* Main.storyboard */; };
		3DA6E58421693D8900F85A37 /* Assets.xcassets in Resources */ = {isa = PBXBuildFile; fileRef = 3DA6E58321693D8900F85A37 /* Assets.xcassets */; };
		3DA6E58721693D8900F85A37 /* LaunchScreen.storyboard in Resources */ = {isa = PBXBuildFile; fileRef = 3DA6E58521693D8900F85A37 /* LaunchScreen.storyboard */; };
		3DA6E59221693D8900F85A37 /* NewInTownTests.swift in Sources */ = {isa = PBXBuildFile; fileRef = 3DA6E59121693D8900F85A37 /* NewInTownTests.swift */; };
		3DA6E59D21693D8900F85A37 /* NewInTownUITests.swift in Sources */ = {isa = PBXBuildFile; fileRef = 3DA6E59C21693D8900F85A37 /* NewInTownUITests.swift */; };
		F8A70B84A9D67348C80A2535 /* Pods_NewInTown.framework in Frameworks */ = {isa = PBXBuildFile; fileRef = 5003F5890319207385A4754A /* Pods_NewInTown.framework */; };
/* End PBXBuildFile section */

/* Begin PBXContainerItemProxy section */
		3DA6E58E21693D8900F85A37 /* PBXContainerItemProxy */ = {
			isa = PBXContainerItemProxy;
			containerPortal = 3DA6E57121693D8600F85A37 /* Project object */;
			proxyType = 1;
			remoteGlobalIDString = 3DA6E57821693D8600F85A37;
			remoteInfo = NewInTown;
		};
		3DA6E59921693D8900F85A37 /* PBXContainerItemProxy */ = {
			isa = PBXContainerItemProxy;
			containerPortal = 3DA6E57121693D8600F85A37 /* Project object */;
			proxyType = 1;
			remoteGlobalIDString = 3DA6E57821693D8600F85A37;
			remoteInfo = NewInTown;
		};
/* End PBXContainerItemProxy section */

/* Begin PBXFileReference section */
		3D24D00B216D2BD7005E63B5 /* FirstSceneInteractor.swift */ = {isa = PBXFileReference; lastKnownFileType = sourcecode.swift; path = FirstSceneInteractor.swift; sourceTree = "<group>"; };
		3D24D00C216D2BD7005E63B5 /* FirstSceneModels.swift */ = {isa = PBXFileReference; lastKnownFileType = sourcecode.swift; path = FirstSceneModels.swift; sourceTree = "<group>"; };
		3D24D00D216D2BD7005E63B5 /* FirstScenePresenter.swift */ = {isa = PBXFileReference; lastKnownFileType = sourcecode.swift; path = FirstScenePresenter.swift; sourceTree = "<group>"; };
		3D24D00E216D2BD7005E63B5 /* FirstSceneRouter.swift */ = {isa = PBXFileReference; lastKnownFileType = sourcecode.swift; path = FirstSceneRouter.swift; sourceTree = "<group>"; };
		3D24D00F216D2BD7005E63B5 /* FirstSceneViewController.swift */ = {isa = PBXFileReference; lastKnownFileType = sourcecode.swift; path = FirstSceneViewController.swift; sourceTree = "<group>"; };
		3D24D010216D2BD7005E63B5 /* FirstSceneWorker.swift */ = {isa = PBXFileReference; lastKnownFileType = sourcecode.swift; path = FirstSceneWorker.swift; sourceTree = "<group>"; };
		3D24D017216D2BF1005E63B5 /* FirstSceneViewController.xib */ = {isa = PBXFileReference; lastKnownFileType = file.xib; path = FirstSceneViewController.xib; sourceTree = "<group>"; };
		3D319AD1216EA4D600179E99 /* StateKeeper.swift */ = {isa = PBXFileReference; lastKnownFileType = sourcecode.swift; path = StateKeeper.swift; sourceTree = "<group>"; };
		3D3CE4E4216FA06D00E4AEC3 /* FirstSceneInteractorTest.swift */ = {isa = PBXFileReference; lastKnownFileType = sourcecode.swift; path = FirstSceneInteractorTest.swift; sourceTree = "<group>"; };
		3D445700216E37C30003F4B1 /* Stories.json */ = {isa = PBXFileReference; lastKnownFileType = text.json; path = Stories.json; sourceTree = "<group>"; };
		3D445702216E3AEA0003F4B1 /* DataModels.swift */ = {isa = PBXFileReference; lastKnownFileType = sourcecode.swift; path = DataModels.swift; sourceTree = "<group>"; };
		3D445704216E9C540003F4B1 /* FirstSceneWorkerTest.swift */ = {isa = PBXFileReference; lastKnownFileType = sourcecode.swift; path = FirstSceneWorkerTest.swift; sourceTree = "<group>"; };
		3D7D273B216FD4A5002A333D /* chinesepod_B3045dg.mp3 */ = {isa = PBXFileReference; lastKnownFileType = audio.mp3; path = chinesepod_B3045dg.mp3; sourceTree = "<group>"; };
		3D7D273D216FD65F002A333D /* chinesepod_B3045.json */ = {isa = PBXFileReference; lastKnownFileType = text.json; path = chinesepod_B3045.json; sourceTree = "<group>"; };
		3D7D2740216FD6D9002A333D /* StoryPlaybackPresenter.swift */ = {isa = PBXFileReference; lastKnownFileType = sourcecode.swift; path = StoryPlaybackPresenter.swift; sourceTree = "<group>"; };
		3D7D2741216FD6D9002A333D /* StoryPlaybackWorker.swift */ = {isa = PBXFileReference; lastKnownFileType = sourcecode.swift; path = StoryPlaybackWorker.swift; sourceTree = "<group>"; };
		3D7D2742216FD6D9002A333D /* StoryPlaybackRouter.swift */ = {isa = PBXFileReference; lastKnownFileType = sourcecode.swift; path = StoryPlaybackRouter.swift; sourceTree = "<group>"; };
		3D7D2743216FD6D9002A333D /* StoryPlaybackModels.swift */ = {isa = PBXFileReference; lastKnownFileType = sourcecode.swift; path = StoryPlaybackModels.swift; sourceTree = "<group>"; };
		3D7D2744216FD6D9002A333D /* StoryPlaybackViewController.swift */ = {isa = PBXFileReference; lastKnownFileType = sourcecode.swift; path = StoryPlaybackViewController.swift; sourceTree = "<group>"; };
		3D7D2745216FD6D9002A333D /* StoryPlaybackInteractor.swift */ = {isa = PBXFileReference; lastKnownFileType = sourcecode.swift; path = StoryPlaybackInteractor.swift; sourceTree = "<group>"; };
		3D7D274C216FD728002A333D /* AVFoundation.framework */ = {isa = PBXFileReference; lastKnownFileType = wrapper.framework; name = AVFoundation.framework; path = System/Library/Frameworks/AVFoundation.framework; sourceTree = SDKROOT; };
		3D7D274E216FD754002A333D /* MediaPlayer.framework */ = {isa = PBXFileReference; lastKnownFileType = wrapper.framework; name = MediaPlayer.framework; path = System/Library/Frameworks/MediaPlayer.framework; sourceTree = SDKROOT; };
		3D7D2750216FD767002A333D /* StoryPlaybackViewController.xib */ = {isa = PBXFileReference; lastKnownFileType = file.xib; path = StoryPlaybackViewController.xib; sourceTree = "<group>"; };
		3D7D2752216FE5C7002A333D /* chinesepod_B3045dg_3.mp3 */ = {isa = PBXFileReference; lastKnownFileType = audio.mp3; path = chinesepod_B3045dg_3.mp3; sourceTree = "<group>"; };
		3D7D2753216FE5C7002A333D /* chinesepod_B3045dg_5.mp3 */ = {isa = PBXFileReference; lastKnownFileType = audio.mp3; path = chinesepod_B3045dg_5.mp3; sourceTree = "<group>"; };
		3D7D2754216FE5C7002A333D /* chinesepod_B3045dg_6.mp3 */ = {isa = PBXFileReference; lastKnownFileType = audio.mp3; path = chinesepod_B3045dg_6.mp3; sourceTree = "<group>"; };
		3D7D2755216FE5C7002A333D /* chinesepod_B3045dg_1.mp3 */ = {isa = PBXFileReference; lastKnownFileType = audio.mp3; path = chinesepod_B3045dg_1.mp3; sourceTree = "<group>"; };
		3D7D2756216FE5C7002A333D /* chinesepod_B3045dg_2.mp3 */ = {isa = PBXFileReference; lastKnownFileType = audio.mp3; path = chinesepod_B3045dg_2.mp3; sourceTree = "<group>"; };
		3D7D2757216FE5C7002A333D /* chinesepod_B3045dg_4.mp3 */ = {isa = PBXFileReference; lastKnownFileType = audio.mp3; path = chinesepod_B3045dg_4.mp3; sourceTree = "<group>"; };
		3DA6E57921693D8600F85A37 /* NewInTown.app */ = {isa = PBXFileReference; explicitFileType = wrapper.application; includeInIndex = 0; path = NewInTown.app; sourceTree = BUILT_PRODUCTS_DIR; };
		3DA6E57C21693D8600F85A37 /* AppDelegate.swift */ = {isa = PBXFileReference; lastKnownFileType = sourcecode.swift; path = AppDelegate.swift; sourceTree = "<group>"; };
		3DA6E57E21693D8600F85A37 /* EntryViewController.swift */ = {isa = PBXFileReference; lastKnownFileType = sourcecode.swift; path = EntryViewController.swift; sourceTree = "<group>"; };
		3DA6E58121693D8600F85A37 /* Base */ = {isa = PBXFileReference; lastKnownFileType = file.storyboard; name = Base; path = Base.lproj/Main.storyboard; sourceTree = "<group>"; };
		3DA6E58321693D8900F85A37 /* Assets.xcassets */ = {isa = PBXFileReference; lastKnownFileType = folder.assetcatalog; path = Assets.xcassets; sourceTree = "<group>"; };
		3DA6E58621693D8900F85A37 /* Base */ = {isa = PBXFileReference; lastKnownFileType = file.storyboard; name = Base; path = Base.lproj/LaunchScreen.storyboard; sourceTree = "<group>"; };
		3DA6E58821693D8900F85A37 /* Info.plist */ = {isa = PBXFileReference; lastKnownFileType = text.plist.xml; path = Info.plist; sourceTree = "<group>"; };
		3DA6E58D21693D8900F85A37 /* NewInTownTests.xctest */ = {isa = PBXFileReference; explicitFileType = wrapper.cfbundle; includeInIndex = 0; path = NewInTownTests.xctest; sourceTree = BUILT_PRODUCTS_DIR; };
		3DA6E59121693D8900F85A37 /* NewInTownTests.swift */ = {isa = PBXFileReference; lastKnownFileType = sourcecode.swift; path = NewInTownTests.swift; sourceTree = "<group>"; };
		3DA6E59321693D8900F85A37 /* Info.plist */ = {isa = PBXFileReference; lastKnownFileType = text.plist.xml; path = Info.plist; sourceTree = "<group>"; };
		3DA6E59821693D8900F85A37 /* NewInTownUITests.xctest */ = {isa = PBXFileReference; explicitFileType = wrapper.cfbundle; includeInIndex = 0; path = NewInTownUITests.xctest; sourceTree = BUILT_PRODUCTS_DIR; };
		3DA6E59C21693D8900F85A37 /* NewInTownUITests.swift */ = {isa = PBXFileReference; lastKnownFileType = sourcecode.swift; path = NewInTownUITests.swift; sourceTree = "<group>"; };
		3DA6E59E21693D8900F85A37 /* Info.plist */ = {isa = PBXFileReference; lastKnownFileType = text.plist.xml; path = Info.plist; sourceTree = "<group>"; };
		5003F5890319207385A4754A /* Pods_NewInTown.framework */ = {isa = PBXFileReference; explicitFileType = wrapper.framework; includeInIndex = 0; path = Pods_NewInTown.framework; sourceTree = BUILT_PRODUCTS_DIR; };
		8917A2FA69860CB0B85D3EEF /* Pods-NewInTown.release.xcconfig */ = {isa = PBXFileReference; includeInIndex = 1; lastKnownFileType = text.xcconfig; name = "Pods-NewInTown.release.xcconfig"; path = "Pods/Target Support Files/Pods-NewInTown/Pods-NewInTown.release.xcconfig"; sourceTree = "<group>"; };
		C7CCE7876CD0AB134E7ACED5 /* Pods-NewInTown.debug.xcconfig */ = {isa = PBXFileReference; includeInIndex = 1; lastKnownFileType = text.xcconfig; name = "Pods-NewInTown.debug.xcconfig"; path = "Pods/Target Support Files/Pods-NewInTown/Pods-NewInTown.debug.xcconfig"; sourceTree = "<group>"; };
/* End PBXFileReference section */

/* Begin PBXFrameworksBuildPhase section */
		3DA6E57621693D8600F85A37 /* Frameworks */ = {
			isa = PBXFrameworksBuildPhase;
			buildActionMask = 2147483647;
			files = (
				3D7D274F216FD754002A333D /* MediaPlayer.framework in Frameworks */,
				3D7D274D216FD729002A333D /* AVFoundation.framework in Frameworks */,
				F8A70B84A9D67348C80A2535 /* Pods_NewInTown.framework in Frameworks */,
			);
			runOnlyForDeploymentPostprocessing = 0;
		};
		3DA6E58A21693D8900F85A37 /* Frameworks */ = {
			isa = PBXFrameworksBuildPhase;
			buildActionMask = 2147483647;
			files = (
			);
			runOnlyForDeploymentPostprocessing = 0;
		};
		3DA6E59521693D8900F85A37 /* Frameworks */ = {
			isa = PBXFrameworksBuildPhase;
			buildActionMask = 2147483647;
			files = (
			);
			runOnlyForDeploymentPostprocessing = 0;
		};
/* End PBXFrameworksBuildPhase section */

/* Begin PBXGroup section */
		3D24D00A216D2B83005E63B5 /* FirstScene */ = {
			isa = PBXGroup;
			children = (
				3D24D00B216D2BD7005E63B5 /* FirstSceneInteractor.swift */,
				3D3CE4E4216FA06D00E4AEC3 /* FirstSceneInteractorTest.swift */,
				3D24D00C216D2BD7005E63B5 /* FirstSceneModels.swift */,
				3D24D00D216D2BD7005E63B5 /* FirstScenePresenter.swift */,
				3D24D00E216D2BD7005E63B5 /* FirstSceneRouter.swift */,
				3D24D00F216D2BD7005E63B5 /* FirstSceneViewController.swift */,
				3D24D010216D2BD7005E63B5 /* FirstSceneWorker.swift */,
				3D445704216E9C540003F4B1 /* FirstSceneWorkerTest.swift */,
				3D24D017216D2BF1005E63B5 /* FirstSceneViewController.xib */,
				3D445702216E3AEA0003F4B1 /* DataModels.swift */,
			);
			path = FirstScene;
			sourceTree = "<group>";
		};
		3D4456FF216E37860003F4B1 /* Resources */ = {
			isa = PBXGroup;
			children = (
				3D7D2755216FE5C7002A333D /* chinesepod_B3045dg_1.mp3 */,
				3D7D2756216FE5C7002A333D /* chinesepod_B3045dg_2.mp3 */,
				3D7D2752216FE5C7002A333D /* chinesepod_B3045dg_3.mp3 */,
				3D7D2757216FE5C7002A333D /* chinesepod_B3045dg_4.mp3 */,
				3D7D2753216FE5C7002A333D /* chinesepod_B3045dg_5.mp3 */,
				3D7D2754216FE5C7002A333D /* chinesepod_B3045dg_6.mp3 */,
				3D7D273B216FD4A5002A333D /* chinesepod_B3045dg.mp3 */,
				3D445700216E37C30003F4B1 /* Stories.json */,
				3D7D273D216FD65F002A333D /* chinesepod_B3045.json */,
			);
			name = Resources;
			path = NewInTown/Resources;
			sourceTree = "<group>";
		};
		3D7D273F216FD6BA002A333D /* StoryPlaybackViewController */ = {
			isa = PBXGroup;
			children = (
				3D7D2740216FD6D9002A333D /* StoryPlaybackPresenter.swift */,
				3D7D2741216FD6D9002A333D /* StoryPlaybackWorker.swift */,
				3D7D2742216FD6D9002A333D /* StoryPlaybackRouter.swift */,
				3D7D2743216FD6D9002A333D /* StoryPlaybackModels.swift */,
				3D7D2744216FD6D9002A333D /* StoryPlaybackViewController.swift */,
				3D7D2745216FD6D9002A333D /* StoryPlaybackInteractor.swift */,
				3D7D2750216FD767002A333D /* StoryPlaybackViewController.xib */,
			);
			path = StoryPlaybackViewController;
			sourceTree = "<group>";
		};
		3DA6E57021693D8600F85A37 = {
			isa = PBXGroup;
			children = (
				3D4456FF216E37860003F4B1 /* Resources */,
				3DA6E57B21693D8600F85A37 /* NewInTown */,
				3DA6E59021693D8900F85A37 /* NewInTownTests */,
				3DA6E59B21693D8900F85A37 /* NewInTownUITests */,
				3DA6E57A21693D8600F85A37 /* Products */,
				457F4295575B4D4854BDEA61 /* Frameworks */,
			);
			sourceTree = "<group>";
		};
		3DA6E57A21693D8600F85A37 /* Products */ = {
			isa = PBXGroup;
			children = (
				3DA6E57921693D8600F85A37 /* NewInTown.app */,
				3DA6E58D21693D8900F85A37 /* NewInTownTests.xctest */,
				3DA6E59821693D8900F85A37 /* NewInTownUITests.xctest */,
			);
			name = Products;
			sourceTree = "<group>";
		};
		3DA6E57B21693D8600F85A37 /* NewInTown */ = {
			isa = PBXGroup;
			children = (
				3D7D273F216FD6BA002A333D /* StoryPlaybackViewController */,
				3D24D00A216D2B83005E63B5 /* FirstScene */,
				3DA6E5AA21694A1200F85A37 /* EntryViewController */,
				3DA6E57C21693D8600F85A37 /* AppDelegate.swift */,
				3DA6E58021693D8600F85A37 /* Main.storyboard */,
				3DA6E58321693D8900F85A37 /* Assets.xcassets */,
				F980F78F584A78E7B94159B8 /* Pods */,
				3DA6E58521693D8900F85A37 /* LaunchScreen.storyboard */,
				3DA6E58821693D8900F85A37 /* Info.plist */,
				3D319AD1216EA4D600179E99 /* StateKeeper.swift */,
			);
			path = NewInTown;
			sourceTree = "<group>";
		};
		3DA6E59021693D8900F85A37 /* NewInTownTests */ = {
			isa = PBXGroup;
			children = (
				3DA6E59121693D8900F85A37 /* NewInTownTests.swift */,
				3DA6E59321693D8900F85A37 /* Info.plist */,
			);
			path = NewInTownTests;
			sourceTree = "<group>";
		};
		3DA6E59B21693D8900F85A37 /* NewInTownUITests */ = {
			isa = PBXGroup;
			children = (
				3DA6E59C21693D8900F85A37 /* NewInTownUITests.swift */,
				3DA6E59E21693D8900F85A37 /* Info.plist */,
			);
			path = NewInTownUITests;
			sourceTree = "<group>";
		};
		3DA6E5AA21694A1200F85A37 /* EntryViewController */ = {
			isa = PBXGroup;
			children = (
				3DA6E57E21693D8600F85A37 /* EntryViewController.swift */,
			);
			path = EntryViewController;
			sourceTree = "<group>";
		};
		457F4295575B4D4854BDEA61 /* Frameworks */ = {
			isa = PBXGroup;
			children = (
				3D7D274E216FD754002A333D /* MediaPlayer.framework */,
				3D7D274C216FD728002A333D /* AVFoundation.framework */,
				5003F5890319207385A4754A /* Pods_NewInTown.framework */,
			);
			name = Frameworks;
			sourceTree = "<group>";
		};
		F980F78F584A78E7B94159B8 /* Pods */ = {
			isa = PBXGroup;
			children = (
				C7CCE7876CD0AB134E7ACED5 /* Pods-NewInTown.debug.xcconfig */,
				8917A2FA69860CB0B85D3EEF /* Pods-NewInTown.release.xcconfig */,
			);
			name = Pods;
			path = ..;
			sourceTree = "<group>";
		};
/* End PBXGroup section */

/* Begin PBXNativeTarget section */
		3DA6E57821693D8600F85A37 /* NewInTown */ = {
			isa = PBXNativeTarget;
			buildConfigurationList = 3DA6E5A121693D8900F85A37 /* Build configuration list for PBXNativeTarget "NewInTown" */;
			buildPhases = (
				75E1CC0158B9FA2A19D3F362 /* [CP] Check Pods Manifest.lock */,
				3DA6E57521693D8600F85A37 /* Sources */,
				3DA6E57621693D8600F85A37 /* Frameworks */,
				3DA6E57721693D8600F85A37 /* Resources */,
				6313781D39F0D808ED48C302 /* [CP] Embed Pods Frameworks */,
				4A43F5F432E876274ACC94A8 /* [CP] Copy Pods Resources */,
			);
			buildRules = (
			);
			dependencies = (
			);
			name = NewInTown;
			productName = NewInTown;
			productReference = 3DA6E57921693D8600F85A37 /* NewInTown.app */;
			productType = "com.apple.product-type.application";
		};
		3DA6E58C21693D8900F85A37 /* NewInTownTests */ = {
			isa = PBXNativeTarget;
			buildConfigurationList = 3DA6E5A421693D8900F85A37 /* Build configuration list for PBXNativeTarget "NewInTownTests" */;
			buildPhases = (
				3DA6E58921693D8900F85A37 /* Sources */,
				3DA6E58A21693D8900F85A37 /* Frameworks */,
				3DA6E58B21693D8900F85A37 /* Resources */,
			);
			buildRules = (
			);
			dependencies = (
				3DA6E58F21693D8900F85A37 /* PBXTargetDependency */,
			);
			name = NewInTownTests;
			productName = NewInTownTests;
			productReference = 3DA6E58D21693D8900F85A37 /* NewInTownTests.xctest */;
			productType = "com.apple.product-type.bundle.unit-test";
		};
		3DA6E59721693D8900F85A37 /* NewInTownUITests */ = {
			isa = PBXNativeTarget;
			buildConfigurationList = 3DA6E5A721693D8900F85A37 /* Build configuration list for PBXNativeTarget "NewInTownUITests" */;
			buildPhases = (
				3DA6E59421693D8900F85A37 /* Sources */,
				3DA6E59521693D8900F85A37 /* Frameworks */,
				3DA6E59621693D8900F85A37 /* Resources */,
			);
			buildRules = (
			);
			dependencies = (
				3DA6E59A21693D8900F85A37 /* PBXTargetDependency */,
			);
			name = NewInTownUITests;
			productName = NewInTownUITests;
			productReference = 3DA6E59821693D8900F85A37 /* NewInTownUITests.xctest */;
			productType = "com.apple.product-type.bundle.ui-testing";
		};
/* End PBXNativeTarget section */

/* Begin PBXProject section */
		3DA6E57121693D8600F85A37 /* Project object */ = {
			isa = PBXProject;
			attributes = {
				LastSwiftUpdateCheck = 0940;
				LastUpgradeCheck = 0940;
				ORGANIZATIONNAME = teatracks;
				TargetAttributes = {
					3DA6E57821693D8600F85A37 = {
						CreatedOnToolsVersion = 9.4.1;
					};
					3DA6E58C21693D8900F85A37 = {
						CreatedOnToolsVersion = 9.4.1;
						TestTargetID = 3DA6E57821693D8600F85A37;
					};
					3DA6E59721693D8900F85A37 = {
						CreatedOnToolsVersion = 9.4.1;
						TestTargetID = 3DA6E57821693D8600F85A37;
					};
				};
			};
			buildConfigurationList = 3DA6E57421693D8600F85A37 /* Build configuration list for PBXProject "NewInTown" */;
			compatibilityVersion = "Xcode 9.3";
			developmentRegion = en;
			hasScannedForEncodings = 0;
			knownRegions = (
				en,
				Base,
			);
			mainGroup = 3DA6E57021693D8600F85A37;
			productRefGroup = 3DA6E57A21693D8600F85A37 /* Products */;
			projectDirPath = "";
			projectRoot = "";
			targets = (
				3DA6E57821693D8600F85A37 /* NewInTown */,
				3DA6E58C21693D8900F85A37 /* NewInTownTests */,
				3DA6E59721693D8900F85A37 /* NewInTownUITests */,
			);
		};
/* End PBXProject section */

/* Begin PBXResourcesBuildPhase section */
		3DA6E57721693D8600F85A37 /* Resources */ = {
			isa = PBXResourcesBuildPhase;
			buildActionMask = 2147483647;
			files = (
				3DA6E58721693D8900F85A37 /* LaunchScreen.storyboard in Resources */,
				3D7D2758216FE5C7002A333D /* chinesepod_B3045dg_3.mp3 in Resources */,
				3DA6E58421693D8900F85A37 /* Assets.xcassets in Resources */,
				3D7D275D216FE5C7002A333D /* chinesepod_B3045dg_4.mp3 in Resources */,
				3D24D018216D2BF1005E63B5 /* FirstSceneViewController.xib in Resources */,
				3D7D275B216FE5C7002A333D /* chinesepod_B3045dg_1.mp3 in Resources */,
				3D7D2759216FE5C7002A333D /* chinesepod_B3045dg_5.mp3 in Resources */,
				3D7D273E216FD65F002A333D /* chinesepod_B3045.json in Resources */,
				3DA6E58221693D8600F85A37 /* Main.storyboard in Resources */,
				3D7D273C216FD4A5002A333D /* chinesepod_B3045dg.mp3 in Resources */,
				3D7D275A216FE5C7002A333D /* chinesepod_B3045dg_6.mp3 in Resources */,
				3D445701216E37C30003F4B1 /* Stories.json in Resources */,
				3D7D275C216FE5C7002A333D /* chinesepod_B3045dg_2.mp3 in Resources */,
				3D7D2751216FD767002A333D /* StoryPlaybackViewController.xib in Resources */,
			);
			runOnlyForDeploymentPostprocessing = 0;
		};
		3DA6E58B21693D8900F85A37 /* Resources */ = {
			isa = PBXResourcesBuildPhase;
			buildActionMask = 2147483647;
			files = (
				3D3CE4E6216FA2F200E4AEC3 /* Stories.json in Resources */,
			);
			runOnlyForDeploymentPostprocessing = 0;
		};
		3DA6E59621693D8900F85A37 /* Resources */ = {
			isa = PBXResourcesBuildPhase;
			buildActionMask = 2147483647;
			files = (
			);
			runOnlyForDeploymentPostprocessing = 0;
		};
/* End PBXResourcesBuildPhase section */

/* Begin PBXShellScriptBuildPhase section */
		4A43F5F432E876274ACC94A8 /* [CP] Copy Pods Resources */ = {
			isa = PBXShellScriptBuildPhase;
			buildActionMask = 2147483647;
			files = (
			);
			inputPaths = (
			);
			name = "[CP] Copy Pods Resources";
			outputPaths = (
			);
			runOnlyForDeploymentPostprocessing = 0;
			shellPath = /bin/sh;
			shellScript = "\"${SRCROOT}/Pods/Target Support Files/Pods-NewInTown/Pods-NewInTown-resources.sh\"\n";
			showEnvVarsInLog = 0;
		};
		6313781D39F0D808ED48C302 /* [CP] Embed Pods Frameworks */ = {
			isa = PBXShellScriptBuildPhase;
			buildActionMask = 2147483647;
			files = (
			);
			inputPaths = (
				"${SRCROOT}/Pods/Target Support Files/Pods-NewInTown/Pods-NewInTown-frameworks.sh",
				"${BUILT_PRODUCTS_DIR}/CoreStore/CoreStore.framework",
			);
			name = "[CP] Embed Pods Frameworks";
			outputPaths = (
				"${TARGET_BUILD_DIR}/${FRAMEWORKS_FOLDER_PATH}/CoreStore.framework",
			);
			runOnlyForDeploymentPostprocessing = 0;
			shellPath = /bin/sh;
			shellScript = "\"${SRCROOT}/Pods/Target Support Files/Pods-NewInTown/Pods-NewInTown-frameworks.sh\"\n";
			showEnvVarsInLog = 0;
		};
		75E1CC0158B9FA2A19D3F362 /* [CP] Check Pods Manifest.lock */ = {
			isa = PBXShellScriptBuildPhase;
			buildActionMask = 2147483647;
			files = (
			);
			inputPaths = (
				"${PODS_PODFILE_DIR_PATH}/Podfile.lock",
				"${PODS_ROOT}/Manifest.lock",
			);
			name = "[CP] Check Pods Manifest.lock";
			outputPaths = (
				"$(DERIVED_FILE_DIR)/Pods-NewInTown-checkManifestLockResult.txt",
			);
			runOnlyForDeploymentPostprocessing = 0;
			shellPath = /bin/sh;
			shellScript = "diff \"${PODS_PODFILE_DIR_PATH}/Podfile.lock\" \"${PODS_ROOT}/Manifest.lock\" > /dev/null\nif [ $? != 0 ] ; then\n    # print error to STDERR\n    echo \"error: The sandbox is not in sync with the Podfile.lock. Run 'pod install' or update your CocoaPods installation.\" >&2\n    exit 1\nfi\n# This output is used by Xcode 'outputs' to avoid re-running this script phase.\necho \"SUCCESS\" > \"${SCRIPT_OUTPUT_FILE_0}\"\n";
			showEnvVarsInLog = 0;
		};
/* End PBXShellScriptBuildPhase section */

/* Begin PBXSourcesBuildPhase section */
		3DA6E57521693D8600F85A37 /* Sources */ = {
			isa = PBXSourcesBuildPhase;
			buildActionMask = 2147483647;
			files = (
				3D445703216E3AEA0003F4B1 /* DataModels.swift in Sources */,
				3D7D274A216FD6D9002A333D /* StoryPlaybackViewController.swift in Sources */,
				3D7D2748216FD6D9002A333D /* StoryPlaybackRouter.swift in Sources */,
				3D7D2746216FD6D9002A333D /* StoryPlaybackPresenter.swift in Sources */,
				3D24D011216D2BD7005E63B5 /* FirstSceneInteractor.swift in Sources */,
				3D7D2749216FD6D9002A333D /* StoryPlaybackModels.swift in Sources */,
				3D24D016216D2BD7005E63B5 /* FirstSceneWorker.swift in Sources */,
				3D24D015216D2BD7005E63B5 /* FirstSceneViewController.swift in Sources */,
				3DA6E57F21693D8600F85A37 /* EntryViewController.swift in Sources */,
				3D319AD2216EA4D600179E99 /* StateKeeper.swift in Sources */,
				3D24D014216D2BD7005E63B5 /* FirstSceneRouter.swift in Sources */,
				3D7D274B216FD6D9002A333D /* StoryPlaybackInteractor.swift in Sources */,
				3DA6E57D21693D8600F85A37 /* AppDelegate.swift in Sources */,
				3D24D013216D2BD7005E63B5 /* FirstScenePresenter.swift in Sources */,
				3D7D2747216FD6D9002A333D /* StoryPlaybackWorker.swift in Sources */,
				3D24D012216D2BD7005E63B5 /* FirstSceneModels.swift in Sources */,
			);
			runOnlyForDeploymentPostprocessing = 0;
		};
		3DA6E58921693D8900F85A37 /* Sources */ = {
			isa = PBXSourcesBuildPhase;
			buildActionMask = 2147483647;
			files = (
				3D3CE4E5216FA06D00E4AEC3 /* FirstSceneInteractorTest.swift in Sources */,
				3DA6E59221693D8900F85A37 /* NewInTownTests.swift in Sources */,
				3D445705216E9C540003F4B1 /* FirstSceneWorkerTest.swift in Sources */,
			);
			runOnlyForDeploymentPostprocessing = 0;
		};
		3DA6E59421693D8900F85A37 /* Sources */ = {
			isa = PBXSourcesBuildPhase;
			buildActionMask = 2147483647;
			files = (
				3DA6E59D21693D8900F85A37 /* NewInTownUITests.swift in Sources */,
			);
			runOnlyForDeploymentPostprocessing = 0;
		};
/* End PBXSourcesBuildPhase section */

/* Begin PBXTargetDependency section */
		3DA6E58F21693D8900F85A37 /* PBXTargetDependency */ = {
			isa = PBXTargetDependency;
			target = 3DA6E57821693D8600F85A37 /* NewInTown */;
			targetProxy = 3DA6E58E21693D8900F85A37 /* PBXContainerItemProxy */;
		};
		3DA6E59A21693D8900F85A37 /* PBXTargetDependency */ = {
			isa = PBXTargetDependency;
			target = 3DA6E57821693D8600F85A37 /* NewInTown */;
			targetProxy = 3DA6E59921693D8900F85A37 /* PBXContainerItemProxy */;
		};
/* End PBXTargetDependency section */

/* Begin PBXVariantGroup section */
		3DA6E58021693D8600F85A37 /* Main.storyboard */ = {
			isa = PBXVariantGroup;
			children = (
				3DA6E58121693D8600F85A37 /* Base */,
			);
			name = Main.storyboard;
			sourceTree = "<group>";
		};
		3DA6E58521693D8900F85A37 /* LaunchScreen.storyboard */ = {
			isa = PBXVariantGroup;
			children = (
				3DA6E58621693D8900F85A37 /* Base */,
			);
			name = LaunchScreen.storyboard;
			sourceTree = "<group>";
		};
/* End PBXVariantGroup section */

/* Begin XCBuildConfiguration section */
		3DA6E59F21693D8900F85A37 /* Debug */ = {
			isa = XCBuildConfiguration;
			buildSettings = {
				ALWAYS_SEARCH_USER_PATHS = NO;
				CLANG_ANALYZER_NONNULL = YES;
				CLANG_ANALYZER_NUMBER_OBJECT_CONVERSION = YES_AGGRESSIVE;
				CLANG_CXX_LANGUAGE_STANDARD = "gnu++14";
				CLANG_CXX_LIBRARY = "libc++";
				CLANG_ENABLE_MODULES = YES;
				CLANG_ENABLE_OBJC_ARC = YES;
				CLANG_ENABLE_OBJC_WEAK = YES;
				CLANG_WARN_BLOCK_CAPTURE_AUTORELEASING = YES;
				CLANG_WARN_BOOL_CONVERSION = YES;
				CLANG_WARN_COMMA = YES;
				CLANG_WARN_CONSTANT_CONVERSION = YES;
				CLANG_WARN_DEPRECATED_OBJC_IMPLEMENTATIONS = YES;
				CLANG_WARN_DIRECT_OBJC_ISA_USAGE = YES_ERROR;
				CLANG_WARN_DOCUMENTATION_COMMENTS = YES;
				CLANG_WARN_EMPTY_BODY = YES;
				CLANG_WARN_ENUM_CONVERSION = YES;
				CLANG_WARN_INFINITE_RECURSION = YES;
				CLANG_WARN_INT_CONVERSION = YES;
				CLANG_WARN_NON_LITERAL_NULL_CONVERSION = YES;
				CLANG_WARN_OBJC_IMPLICIT_RETAIN_SELF = YES;
				CLANG_WARN_OBJC_LITERAL_CONVERSION = YES;
				CLANG_WARN_OBJC_ROOT_CLASS = YES_ERROR;
				CLANG_WARN_RANGE_LOOP_ANALYSIS = YES;
				CLANG_WARN_STRICT_PROTOTYPES = YES;
				CLANG_WARN_SUSPICIOUS_MOVE = YES;
				CLANG_WARN_UNGUARDED_AVAILABILITY = YES_AGGRESSIVE;
				CLANG_WARN_UNREACHABLE_CODE = YES;
				CLANG_WARN__DUPLICATE_METHOD_MATCH = YES;
				CODE_SIGN_IDENTITY = "iPhone Developer";
				COPY_PHASE_STRIP = NO;
				DEBUG_INFORMATION_FORMAT = dwarf;
				ENABLE_STRICT_OBJC_MSGSEND = YES;
				ENABLE_TESTABILITY = YES;
				GCC_C_LANGUAGE_STANDARD = gnu11;
				GCC_DYNAMIC_NO_PIC = NO;
				GCC_NO_COMMON_BLOCKS = YES;
				GCC_OPTIMIZATION_LEVEL = 0;
				GCC_PREPROCESSOR_DEFINITIONS = (
					"DEBUG=1",
					"$(inherited)",
				);
				GCC_WARN_64_TO_32_BIT_CONVERSION = YES;
				GCC_WARN_ABOUT_RETURN_TYPE = YES_ERROR;
				GCC_WARN_UNDECLARED_SELECTOR = YES;
				GCC_WARN_UNINITIALIZED_AUTOS = YES_AGGRESSIVE;
				GCC_WARN_UNUSED_FUNCTION = YES;
				GCC_WARN_UNUSED_VARIABLE = YES;
				IPHONEOS_DEPLOYMENT_TARGET = 11.4;
				MTL_ENABLE_DEBUG_INFO = YES;
				ONLY_ACTIVE_ARCH = YES;
				SDKROOT = iphoneos;
				SWIFT_ACTIVE_COMPILATION_CONDITIONS = DEBUG;
				SWIFT_OPTIMIZATION_LEVEL = "-Onone";
			};
			name = Debug;
		};
		3DA6E5A021693D8900F85A37 /* Release */ = {
			isa = XCBuildConfiguration;
			buildSettings = {
				ALWAYS_SEARCH_USER_PATHS = NO;
				CLANG_ANALYZER_NONNULL = YES;
				CLANG_ANALYZER_NUMBER_OBJECT_CONVERSION = YES_AGGRESSIVE;
				CLANG_CXX_LANGUAGE_STANDARD = "gnu++14";
				CLANG_CXX_LIBRARY = "libc++";
				CLANG_ENABLE_MODULES = YES;
				CLANG_ENABLE_OBJC_ARC = YES;
				CLANG_ENABLE_OBJC_WEAK = YES;
				CLANG_WARN_BLOCK_CAPTURE_AUTORELEASING = YES;
				CLANG_WARN_BOOL_CONVERSION = YES;
				CLANG_WARN_COMMA = YES;
				CLANG_WARN_CONSTANT_CONVERSION = YES;
				CLANG_WARN_DEPRECATED_OBJC_IMPLEMENTATIONS = YES;
				CLANG_WARN_DIRECT_OBJC_ISA_USAGE = YES_ERROR;
				CLANG_WARN_DOCUMENTATION_COMMENTS = YES;
				CLANG_WARN_EMPTY_BODY = YES;
				CLANG_WARN_ENUM_CONVERSION = YES;
				CLANG_WARN_INFINITE_RECURSION = YES;
				CLANG_WARN_INT_CONVERSION = YES;
				CLANG_WARN_NON_LITERAL_NULL_CONVERSION = YES;
				CLANG_WARN_OBJC_IMPLICIT_RETAIN_SELF = YES;
				CLANG_WARN_OBJC_LITERAL_CONVERSION = YES;
				CLANG_WARN_OBJC_ROOT_CLASS = YES_ERROR;
				CLANG_WARN_RANGE_LOOP_ANALYSIS = YES;
				CLANG_WARN_STRICT_PROTOTYPES = YES;
				CLANG_WARN_SUSPICIOUS_MOVE = YES;
				CLANG_WARN_UNGUARDED_AVAILABILITY = YES_AGGRESSIVE;
				CLANG_WARN_UNREACHABLE_CODE = YES;
				CLANG_WARN__DUPLICATE_METHOD_MATCH = YES;
				CODE_SIGN_IDENTITY = "iPhone Developer";
				COPY_PHASE_STRIP = NO;
				DEBUG_INFORMATION_FORMAT = "dwarf-with-dsym";
				ENABLE_NS_ASSERTIONS = NO;
				ENABLE_STRICT_OBJC_MSGSEND = YES;
				GCC_C_LANGUAGE_STANDARD = gnu11;
				GCC_NO_COMMON_BLOCKS = YES;
				GCC_WARN_64_TO_32_BIT_CONVERSION = YES;
				GCC_WARN_ABOUT_RETURN_TYPE = YES_ERROR;
				GCC_WARN_UNDECLARED_SELECTOR = YES;
				GCC_WARN_UNINITIALIZED_AUTOS = YES_AGGRESSIVE;
				GCC_WARN_UNUSED_FUNCTION = YES;
				GCC_WARN_UNUSED_VARIABLE = YES;
				IPHONEOS_DEPLOYMENT_TARGET = 11.4;
				MTL_ENABLE_DEBUG_INFO = NO;
				SDKROOT = iphoneos;
				SWIFT_COMPILATION_MODE = wholemodule;
				SWIFT_OPTIMIZATION_LEVEL = "-O";
				VALIDATE_PRODUCT = YES;
			};
			name = Release;
		};
		3DA6E5A221693D8900F85A37 /* Debug */ = {
			isa = XCBuildConfiguration;
			baseConfigurationReference = C7CCE7876CD0AB134E7ACED5 /* Pods-NewInTown.debug.xcconfig */;
			buildSettings = {
				ASSETCATALOG_COMPILER_APPICON_NAME = AppIcon;
				CODE_SIGN_IDENTITY = "iPhone Distribution";
				CODE_SIGN_STYLE = Manual;
				DEVELOPMENT_TEAM = 9ZP2W5A7CM;
				INFOPLIST_FILE = NewInTown/Info.plist;
				LD_RUNPATH_SEARCH_PATHS = (
					"$(inherited)",
					"@executable_path/Frameworks",
				);
				PRODUCT_BUNDLE_IDENTIFIER = com.teatracks.NewInTown;
				PRODUCT_NAME = "$(TARGET_NAME)";
				PROVISIONING_PROFILE = "f3042aed-9f13-4fdb-a8c5-6863969f7b34";
				PROVISIONING_PROFILE_SPECIFIER = "New In Town Distro";
				SWIFT_VERSION = 4.0;
				TARGETED_DEVICE_FAMILY = "1,2";
			};
			name = Debug;
		};
		3DA6E5A321693D8900F85A37 /* Release */ = {
			isa = XCBuildConfiguration;
			baseConfigurationReference = 8917A2FA69860CB0B85D3EEF /* Pods-NewInTown.release.xcconfig */;
			buildSettings = {
				ASSETCATALOG_COMPILER_APPICON_NAME = AppIcon;
				CODE_SIGN_IDENTITY = "iPhone Distribution";
				CODE_SIGN_STYLE = Manual;
				DEVELOPMENT_TEAM = 9ZP2W5A7CM;
				INFOPLIST_FILE = NewInTown/Info.plist;
				LD_RUNPATH_SEARCH_PATHS = (
					"$(inherited)",
					"@executable_path/Frameworks",
				);
				PRODUCT_BUNDLE_IDENTIFIER = com.teatracks.NewInTown;
				PRODUCT_NAME = "$(TARGET_NAME)";
				PROVISIONING_PROFILE = "f3042aed-9f13-4fdb-a8c5-6863969f7b34";
				PROVISIONING_PROFILE_SPECIFIER = "New In Town Distro";
				SWIFT_VERSION = 4.0;
				TARGETED_DEVICE_FAMILY = "1,2";
			};
			name = Release;
		};
		3DA6E5A521693D8900F85A37 /* Debug */ = {
			isa = XCBuildConfiguration;
			buildSettings = {
				ALWAYS_EMBED_SWIFT_STANDARD_LIBRARIES = YES;
				BUNDLE_LOADER = "$(TEST_HOST)";
				CODE_SIGN_STYLE = Automatic;
				DEVELOPMENT_TEAM = 9ZP2W5A7CM;
				INFOPLIST_FILE = NewInTownTests/Info.plist;
				LD_RUNPATH_SEARCH_PATHS = (
					"$(inherited)",
					"@executable_path/Frameworks",
					"@loader_path/Frameworks",
				);
				PRODUCT_BUNDLE_IDENTIFIER = com.teatracks.NewInTownTests;
				PRODUCT_NAME = "$(TARGET_NAME)";
				SWIFT_VERSION = 4.0;
				TARGETED_DEVICE_FAMILY = "1,2";
				TEST_HOST = "$(BUILT_PRODUCTS_DIR)/NewInTown.app/NewInTown";
			};
			name = Debug;
		};
		3DA6E5A621693D8900F85A37 /* Release */ = {
			isa = XCBuildConfiguration;
			buildSettings = {
				ALWAYS_EMBED_SWIFT_STANDARD_LIBRARIES = YES;
				BUNDLE_LOADER = "$(TEST_HOST)";
				CODE_SIGN_STYLE = Automatic;
				DEVELOPMENT_TEAM = 9ZP2W5A7CM;
				INFOPLIST_FILE = NewInTownTests/Info.plist;
				LD_RUNPATH_SEARCH_PATHS = (
					"$(inherited)",
					"@executable_path/Frameworks",
					"@loader_path/Frameworks",
				);
				PRODUCT_BUNDLE_IDENTIFIER = com.teatracks.NewInTownTests;
				PRODUCT_NAME = "$(TARGET_NAME)";
				SWIFT_VERSION = 4.0;
				TARGETED_DEVICE_FAMILY = "1,2";
				TEST_HOST = "$(BUILT_PRODUCTS_DIR)/NewInTown.app/NewInTown";
			};
			name = Release;
		};
		3DA6E5A821693D8900F85A37 /* Debug */ = {
			isa = XCBuildConfiguration;
			buildSettings = {
				ALWAYS_EMBED_SWIFT_STANDARD_LIBRARIES = YES;
				CODE_SIGN_STYLE = Automatic;
				DEVELOPMENT_TEAM = 9ZP2W5A7CM;
				INFOPLIST_FILE = NewInTownUITests/Info.plist;
				LD_RUNPATH_SEARCH_PATHS = (
					"$(inherited)",
					"@executable_path/Frameworks",
					"@loader_path/Frameworks",
				);
				PRODUCT_BUNDLE_IDENTIFIER = com.teatracks.NewInTownUITests;
				PRODUCT_NAME = "$(TARGET_NAME)";
				SWIFT_VERSION = 4.0;
				TARGETED_DEVICE_FAMILY = "1,2";
				TEST_TARGET_NAME = NewInTown;
			};
			name = Debug;
		};
		3DA6E5A921693D8900F85A37 /* Release */ = {
			isa = XCBuildConfiguration;
			buildSettings = {
				ALWAYS_EMBED_SWIFT_STANDARD_LIBRARIES = YES;
				CODE_SIGN_STYLE = Automatic;
				DEVELOPMENT_TEAM = 9ZP2W5A7CM;
				INFOPLIST_FILE = NewInTownUITests/Info.plist;
				LD_RUNPATH_SEARCH_PATHS = (
					"$(inherited)",
					"@executable_path/Frameworks",
					"@loader_path/Frameworks",
				);
				PRODUCT_BUNDLE_IDENTIFIER = com.teatracks.NewInTownUITests;
				PRODUCT_NAME = "$(TARGET_NAME)";
				SWIFT_VERSION = 4.0;
				TARGETED_DEVICE_FAMILY = "1,2";
				TEST_TARGET_NAME = NewInTown;
			};
			name = Release;
		};
/* End XCBuildConfiguration section */

/* Begin XCConfigurationList section */
		3DA6E57421693D8600F85A37 /* Build configuration list for PBXProject "NewInTown" */ = {
			isa = XCConfigurationList;
			buildConfigurations = (
				3DA6E59F21693D8900F85A37 /* Debug */,
				3DA6E5A021693D8900F85A37 /* Release */,
			);
			defaultConfigurationIsVisible = 0;
			defaultConfigurationName = Release;
		};
		3DA6E5A121693D8900F85A37 /* Build configuration list for PBXNativeTarget "NewInTown" */ = {
			isa = XCConfigurationList;
			buildConfigurations = (
				3DA6E5A221693D8900F85A37 /* Debug */,
				3DA6E5A321693D8900F85A37 /* Release */,
			);
			defaultConfigurationIsVisible = 0;
			defaultConfigurationName = Release;
		};
		3DA6E5A421693D8900F85A37 /* Build configuration list for PBXNativeTarget "NewInTownTests" */ = {
			isa = XCConfigurationList;
			buildConfigurations = (
				3DA6E5A521693D8900F85A37 /* Debug */,
				3DA6E5A621693D8900F85A37 /* Release */,
			);
			defaultConfigurationIsVisible = 0;
			defaultConfigurationName = Release;
		};
		3DA6E5A721693D8900F85A37 /* Build configuration list for PBXNativeTarget "NewInTownUITests" */ = {
			isa = XCConfigurationList;
			buildConfigurations = (
				3DA6E5A821693D8900F85A37 /* Debug */,
				3DA6E5A921693D8900F85A37 /* Release */,
			);
			defaultConfigurationIsVisible = 0;
			defaultConfigurationName = Release;
		};
/* End XCConfigurationList section */
	};
	rootObject = 3DA6E57121693D8600F85A37 /* Project object */;
}
